# This file is automatically @generated by Cargo.
# It is not intended for manual editing.
version = 4

[[package]]
name = "jigsawflow-rust-examples"
version = "0.1.0"
dependencies = [
 "singleton-registry",
]

[[package]]
name = "singleton-registry"
version = "2.0.0"
source = "registry+https://github.com/rust-lang/crates.io-index"
checksum = "2bbe37fad4f3ce33bd8405fdcbb980e1f2ea21b0c7f034669cdb6029407d4e7e"
